
Microsoft Visual Studio Solution File, Format Version 12.00
# Visual Studio Version 16
VisualStudioVersion = 16.0.30907.101
MinimumVisualStudioVersion = 10.0.40219.1
Project("{FAE04EC0-301F-11D3-BF4B-00C04F79EFBC}") = "MessageService_Peergrade_11", "MessageService_Peergrade_11\MessageService_Peergrade_11.csproj", "{CF986F1E-FF1D-4BB9-8E67-7B3520AF348D}"
EndProject
Global
	GlobalSection(SolutionConfigurationPlatforms) = preSolution
		Debug|Any CPU = Debug|Any CPU
		Release|Any CPU = Release|Any CPU
	EndGlobalSection
	GlobalSection(ProjectConfigurationPlatforms) = postSolution
		{CF986F1E-FF1D-4BB9-8E67-7B3520AF348D}.Debug|Any CPU.ActiveCfg = Debug|Any CPU
		{CF986F1E-FF1D-4BB9-8E67-7B3520AF348D}.Debug|Any CPU.Build.0 = Debug|Any CPU
		{CF986F1E-FF1D-4BB9-8E67-7B3520AF348D}.Release|Any CPU.ActiveCfg = Release|Any CPU
		{CF986F1E-FF1D-4BB9-8E67-7B3520AF348D}.Release|Any CPU.Build.0 = Release|Any CPU
	EndGlobalSection
	GlobalSection(SolutionProperties) = preSolution
		HideSolutionNode = FALSE
	EndGlobalSection
	GlobalSection(ExtensibilityGlobals) = postSolution
		SolutionGuid = {D68F3024-CEA6-47CD-8362-F7651BB56B0C}
	EndGlobalSection
EndGlobal
